// !$*UTF8*$!
{
	archiveVersion = 1;
	classes = {
	};
	objectVersion = 46;
	objects = {

/* Begin PBXBuildFile section */
		8AD9B5311F39011300BFDFD0 /* AppDelegate.swift in Sources */ = {isa = PBXBuildFile; fileRef = 8AD9B5301F39011300BFDFD0 /* AppDelegate.swift */; };
		8AD9B5331F39011300BFDFD0 /* ViewController.swift in Sources */ = {isa = PBXBuildFile; fileRef = 8AD9B5321F39011300BFDFD0 /* ViewController.swift */; };
		8AD9B5361F39011300BFDFD0 /* Main.storyboard in Resources */ = {isa = PBXBuildFile; fileRef = 8AD9B5341F39011300BFDFD0 /* Main.storyboard */; };
		8AD9B5381F39011300BFDFD0 /* Assets.xcassets in Resources */ = {isa = PBXBuildFile; fileRef = 8AD9B5371F39011300BFDFD0 /* Assets.xcassets */; };
		8AD9B53B1F39011300BFDFD0 /* LaunchScreen.storyboard in Resources */ = {isa = PBXBuildFile; fileRef = 8AD9B5391F39011300BFDFD0 /* LaunchScreen.storyboard */; };
		8AD9B5461F39011300BFDFD0 /* URL_ListenerTests.swift in Sources */ = {isa = PBXBuildFile; fileRef = 8AD9B5451F39011300BFDFD0 /* URL_ListenerTests.swift */; };
		8AD9B5511F39011300BFDFD0 /* URL_ListenerUITests.swift in Sources */ = {isa = PBXBuildFile; fileRef = 8AD9B5501F39011300BFDFD0 /* URL_ListenerUITests.swift */; };
/* End PBXBuildFile section */

/* Begin PBXContainerItemProxy section */
		8AD9B5421F39011300BFDFD0 /* PBXContainerItemProxy */ = {
			isa = PBXContainerItemProxy;
			containerPortal = 8AD9B5251F39011300BFDFD0 /* Project object */;
			proxyType = 1;
			remoteGlobalIDString = 8AD9B52C1F39011300BFDFD0;
			remoteInfo = URL_Listener;
		};
		8AD9B54D1F39011300BFDFD0 /* PBXContainerItemProxy */ = {
			isa = PBXContainerItemProxy;
			containerPortal = 8AD9B5251F39011300BFDFD0 /* Project object */;
			proxyType = 1;
			remoteGlobalIDString = 8AD9B52C1F39011300BFDFD0;
			remoteInfo = URL_Listener;
		};
/* End PBXContainerItemProxy section */

/* Begin PBXFileReference section */
		8AD9B52D1F39011300BFDFD0 /* URL_Listener.app */ = {isa = PBXFileReference; explicitFileType = wrapper.application; includeInIndex = 0; path = URL_Listener.app; sourceTree = BUILT_PRODUCTS_DIR; };
		8AD9B5301F39011300BFDFD0 /* AppDelegate.swift */ = {isa = PBXFileReference; lastKnownFileType = sourcecode.swift; path = AppDelegate.swift; sourceTree = "<group>"; };
		8AD9B5321F39011300BFDFD0 /* ViewController.swift */ = {isa = PBXFileReference; lastKnownFileType = sourcecode.swift; path = ViewController.swift; sourceTree = "<group>"; };
		8AD9B5351F39011300BFDFD0 /* Base */ = {isa = PBXFileReference; lastKnownFileType = file.storyboard; name = Base; path = Base.lproj/Main.storyboard; sourceTree = "<group>"; };
		8AD9B5371F39011300BFDFD0 /* Assets.xcassets */ = {isa = PBXFileReference; lastKnownFileType = folder.assetcatalog; path = Assets.xcassets; sourceTree = "<group>"; };
		8AD9B53A1F39011300BFDFD0 /* Base */ = {isa = PBXFileReference; lastKnownFileType = file.storyboard; name = Base; path = Base.lproj/LaunchScreen.storyboard; sourceTree = "<group>"; };
		8AD9B53C1F39011300BFDFD0 /* Info.plist */ = {isa = PBXFileReference; lastKnownFileType = text.plist.xml; path = Info.plist; sourceTree = "<group>"; };
		8AD9B5411F39011300BFDFD0 /* URL_ListenerTests.xctest */ = {isa = PBXFileReference; explicitFileType = wrapper.cfbundle; includeInIndex = 0; path = URL_ListenerTests.xctest; sourceTree = BUILT_PRODUCTS_DIR; };
		8AD9B5451F39011300BFDFD0 /* URL_ListenerTests.swift */ = {isa = PBXFileReference; lastKnownFileType = sourcecode.swift; path = URL_ListenerTests.swift; sourceTree = "<group>"; };
		8AD9B5471F39011300BFDFD0 /* Info.plist */ = {isa = PBXFileReference; lastKnownFileType = text.plist.xml; path = Info.plist; sourceTree = "<group>"; };
		8AD9B54C1F39011300BFDFD0 /* URL_ListenerUITests.xctest */ = {isa = PBXFileReference; explicitFileType = wrapper.cfbundle; includeInIndex = 0; path = URL_ListenerUITests.xctest; sourceTree = BUILT_PRODUCTS_DIR; };
		8AD9B5501F39011300BFDFD0 /* URL_ListenerUITests.swift */ = {isa = PBXFileReference; lastKnownFileType = sourcecode.swift; path = URL_ListenerUITests.swift; sourceTree = "<group>"; };
		8AD9B5521F39011300BFDFD0 /* Info.plist */ = {isa = PBXFileReference; lastKnownFileType = text.plist.xml; path = Info.plist; sourceTree = "<group>"; };
/* End PBXFileReference section */

/* Begin PBXFrameworksBuildPhase section */
		8AD9B52A1F39011300BFDFD0 /* Frameworks */ = {
			isa = PBXFrameworksBuildPhase;
			buildActionMask = 2147483647;
			files = (
			);
			runOnlyForDeploymentPostprocessing = 0;
		};
		8AD9B53E1F39011300BFDFD0 /* Frameworks */ = {
			isa = PBXFrameworksBuildPhase;
			buildActionMask = 2147483647;
			files = (
			);
			runOnlyForDeploymentPostprocessing = 0;
		};
		8AD9B5491F39011300BFDFD0 /* Frameworks */ = {
			isa = PBXFrameworksBuildPhase;
			buildActionMask = 2147483647;
			files = (
			);
			runOnlyForDeploymentPostprocessing = 0;
		};
/* End PBXFrameworksBuildPhase section */

/* Begin PBXGroup section */
		8AD9B5241F39011300BFDFD0 = {
			isa = PBXGroup;
			children = (
				8AD9B52F1F39011300BFDFD0 /* URL_Listener */,
				8AD9B5441F39011300BFDFD0 /* URL_ListenerTests */,
				8AD9B54F1F39011300BFDFD0 /* URL_ListenerUITests */,
				8AD9B52E1F39011300BFDFD0 /* Products */,
			);
			sourceTree = "<group>";
		};
		8AD9B52E1F39011300BFDFD0 /* Products */ = {
			isa = PBXGroup;
			children = (
				8AD9B52D1F39011300BFDFD0 /* URL_Listener.app */,
				8AD9B5411F39011300BFDFD0 /* URL_ListenerTests.xctest */,
				8AD9B54C1F39011300BFDFD0 /* URL_ListenerUITests.xctest */,
			);
			name = Products;
			sourceTree = "<group>";
		};
		8AD9B52F1F39011300BFDFD0 /* URL_Listener */ = {
			isa = PBXGroup;
			children = (
				8AD9B5301F39011300BFDFD0 /* AppDelegate.swift */,
				8AD9B5321F39011300BFDFD0 /* ViewController.swift */,
				8AD9B5341F39011300BFDFD0 /* Main.storyboard */,
				8AD9B5371F39011300BFDFD0 /* Assets.xcassets */,
				8AD9B5391F39011300BFDFD0 /* LaunchScreen.storyboard */,
				8AD9B53C1F39011300BFDFD0 /* Info.plist */,
			);
			path = URL_Listener;
			sourceTree = "<group>";
		};
		8AD9B5441F39011300BFDFD0 /* URL_ListenerTests */ = {
			isa = PBXGroup;
			children = (
				8AD9B5451F39011300BFDFD0 /* URL_ListenerTests.swift */,
				8AD9B5471F39011300BFDFD0 /* Info.plist */,
			);
			path = URL_ListenerTests;
			sourceTree = "<group>";
		};
		8AD9B54F1F39011300BFDFD0 /* URL_ListenerUITests */ = {
			isa = PBXGroup;
			children = (
				8AD9B5501F39011300BFDFD0 /* URL_ListenerUITests.swift */,
				8AD9B5521F39011300BFDFD0 /* Info.plist */,
			);
			path = URL_ListenerUITests;
			sourceTree = "<group>";
		};
/* End PBXGroup section */

/* Begin PBXNativeTarget section */
		8AD9B52C1F39011300BFDFD0 /* URL_Listener */ = {
			isa = PBXNativeTarget;
			buildConfigurationList = 8AD9B5551F39011300BFDFD0 /* Build configuration list for PBXNativeTarget "URL_Listener" */;
			buildPhases = (
				8AD9B5291F39011300BFDFD0 /* Sources */,
				8AD9B52A1F39011300BFDFD0 /* Frameworks */,
				8AD9B52B1F39011300BFDFD0 /* Resources */,
			);
			buildRules = (
			);
			dependencies = (
			);
			name = URL_Listener;
			productName = URL_Listener;
			productReference = 8AD9B52D1F39011300BFDFD0 /* URL_Listener.app */;
			productType = "com.apple.product-type.application";
		};
		8AD9B5401F39011300BFDFD0 /* URL_ListenerTests */ = {
			isa = PBXNativeTarget;
			buildConfigurationList = 8AD9B5581F39011300BFDFD0 /* Build configuration list for PBXNativeTarget "URL_ListenerTests" */;
			buildPhases = (
				8AD9B53D1F39011300BFDFD0 /* Sources */,
				8AD9B53E1F39011300BFDFD0 /* Frameworks */,
				8AD9B53F1F39011300BFDFD0 /* Resources */,
			);
			buildRules = (
			);
			dependencies = (
				8AD9B5431F39011300BFDFD0 /* PBXTargetDependency */,
			);
			name = URL_ListenerTests;
			productName = URL_ListenerTests;
			productReference = 8AD9B5411F39011300BFDFD0 /* URL_ListenerTests.xctest */;
			productType = "com.apple.product-type.bundle.unit-test";
		};
		8AD9B54B1F39011300BFDFD0 /* URL_ListenerUITests */ = {
			isa = PBXNativeTarget;
			buildConfigurationList = 8AD9B55B1F39011300BFDFD0 /* Build configuration list for PBXNativeTarget "URL_ListenerUITests" */;
			buildPhases = (
				8AD9B5481F39011300BFDFD0 /* Sources */,
				8AD9B5491F39011300BFDFD0 /* Frameworks */,
				8AD9B54A1F39011300BFDFD0 /* Resources */,
			);
			buildRules = (
			);
			dependencies = (
				8AD9B54E1F39011300BFDFD0 /* PBXTargetDependency */,
			);
			name = URL_ListenerUITests;
			productName = URL_ListenerUITests;
			productReference = 8AD9B54C1F39011300BFDFD0 /* URL_ListenerUITests.xctest */;
			productType = "com.apple.product-type.bundle.ui-testing";
		};
/* End PBXNativeTarget section */

/* Begin PBXProject section */
		8AD9B5251F39011300BFDFD0 /* Project object */ = {
			isa = PBXProject;
			attributes = {
				LastSwiftUpdateCheck = 0820;
				LastUpgradeCheck = 0820;
				ORGANIZATIONNAME = "Yue Zhou";
				TargetAttributes = {
					8AD9B52C1F39011300BFDFD0 = {
						CreatedOnToolsVersion = 8.2.1;
						DevelopmentTeam = W46FRQ7PW6;
						ProvisioningStyle = Automatic;
					};
					8AD9B5401F39011300BFDFD0 = {
						CreatedOnToolsVersion = 8.2.1;
						DevelopmentTeam = W46FRQ7PW6;
						ProvisioningStyle = Automatic;
						TestTargetID = 8AD9B52C1F39011300BFDFD0;
					};
					8AD9B54B1F39011300BFDFD0 = {
						CreatedOnToolsVersion = 8.2.1;
						DevelopmentTeam = W46FRQ7PW6;
						ProvisioningStyle = Automatic;
						TestTargetID = 8AD9B52C1F39011300BFDFD0;
					};
				};
			};
			buildConfigurationList = 8AD9B5281F39011300BFDFD0 /* Build configuration list for PBXProject "URL_Listener" */;
			compatibilityVersion = "Xcode 3.2";
			developmentRegion = English;
			hasScannedForEncodings = 0;
			knownRegions = (
				en,
				Base,
			);
			mainGroup = 8AD9B5241F39011300BFDFD0;
			productRefGroup = 8AD9B52E1F39011300BFDFD0 /* Products */;
			projectDirPath = "";
			projectRoot = "";
			targets = (
				8AD9B52C1F39011300BFDFD0 /* URL_Listener */,
				8AD9B5401F39011300BFDFD0 /* URL_ListenerTests */,
				8AD9B54B1F39011300BFDFD0 /* URL_ListenerUITests */,
			);
		};
/* End PBXProject section */

/* Begin PBXResourcesBuildPhase section */
		8AD9B52B1F39011300BFDFD0 /* Resources */ = {
			isa = PBXResourcesBuildPhase;
			buildActionMask = 2147483647;
			files = (
				8AD9B53B1F39011300BFDFD0 /* LaunchScreen.storyboard in Resources */,
				8AD9B5381F39011300BFDFD0 /* Assets.xcassets in Resources */,
				8AD9B5361F39011300BFDFD0 /* Main.storyboard in Resources */,
			);
			runOnlyForDeploymentPostprocessing = 0;
		};
		8AD9B53F1F39011300BFDFD0 /* Resources */ = {
			isa = PBXResourcesBuildPhase;
			buildActionMask = 2147483647;
			files = (
			);
			runOnlyForDeploymentPostprocessing = 0;
		};
		8AD9B54A1F39011300BFDFD0 /* Resources */ = {
			isa = PBXResourcesBuildPhase;
			buildActionMask = 2147483647;
			files = (
			);
			runOnlyForDeploymentPostprocessing = 0;
		};
/* End PBXResourcesBuildPhase section */

/* Begin PBXSourcesBuildPhase section */
		8AD9B5291F39011300BFDFD0 /* Sources */ = {
			isa = PBXSourcesBuildPhase;
			buildActionMask = 2147483647;
			files = (
				8AD9B5331F39011300BFDFD0 /* ViewController.swift in Sources */,
				8AD9B5311F39011300BFDFD0 /* AppDelegate.swift in Sources */,
			);
			runOnlyForDeploymentPostprocessing = 0;
		};
		8AD9B53D1F39011300BFDFD0 /* Sources */ = {
			isa = PBXSourcesBuildPhase;
			buildActionMask = 2147483647;
			files = (
				8AD9B5461F39011300BFDFD0 /* URL_ListenerTests.swift in Sources */,
			);
			runOnlyForDeploymentPostprocessing = 0;
		};
		8AD9B5481F39011300BFDFD0 /* Sources */ = {
			isa = PBXSourcesBuildPhase;
			buildActionMask = 2147483647;
			files = (
				8AD9B5511F39011300BFDFD0 /* URL_ListenerUITests.swift in Sources */,
			);
			runOnlyForDeploymentPostprocessing = 0;
		};
/* End PBXSourcesBuildPhase section */

/* Begin PBXTargetDependency section */
		8AD9B5431F39011300BFDFD0 /* PBXTargetDependency */ = {
			isa = PBXTargetDependency;
			target = 8AD9B52C1F39011300BFDFD0 /* URL_Listener */;
			targetProxy = 8AD9B5421F39011300BFDFD0 /* PBXContainerItemProxy */;
		};
		8AD9B54E1F39011300BFDFD0 /* PBXTargetDependency */ = {
			isa = PBXTargetDependency;
			target = 8AD9B52C1F39011300BFDFD0 /* URL_Listener */;
			targetProxy = 8AD9B54D1F39011300BFDFD0 /* PBXContainerItemProxy */;
		};
/* End PBXTargetDependency section */

/* Begin PBXVariantGroup section */
		8AD9B5341F39011300BFDFD0 /* Main.storyboard */ = {
			isa = PBXVariantGroup;
			children = (
				8AD9B5351F39011300BFDFD0 /* Base */,
			);
			name = Main.storyboard;
			sourceTree = "<group>";
		};
		8AD9B5391F39011300BFDFD0 /* LaunchScreen.storyboard */ = {
			isa = PBXVariantGroup;
			children = (
				8AD9B53A1F39011300BFDFD0 /* Base */,
			);
			name = LaunchScreen.storyboard;
			sourceTree = "<group>";
		};
/* End PBXVariantGroup section */

/* Begin XCBuildConfiguration section */
		8AD9B5531F39011300BFDFD0 /* Debug */ = {
			isa = XCBuildConfiguration;
			buildSettings = {
				ALWAYS_SEARCH_USER_PATHS = NO;
				CLANG_ANALYZER_NONNULL = YES;
				CLANG_CXX_LANGUAGE_STANDARD = "gnu++0x";
				CLANG_CXX_LIBRARY = "libc++";
				CLANG_ENABLE_MODULES = YES;
				CLANG_ENABLE_OBJC_ARC = YES;
				CLANG_WARN_BOOL_CONVERSION = YES;
				CLANG_WARN_CONSTANT_CONVERSION = YES;
				CLANG_WARN_DIRECT_OBJC_ISA_USAGE = YES_ERROR;
				CLANG_WARN_DOCUMENTATION_COMMENTS = YES;
				CLANG_WARN_EMPTY_BODY = YES;
				CLANG_WARN_ENUM_CONVERSION = YES;
				CLANG_WARN_INFINITE_RECURSION = YES;
				CLANG_WARN_INT_CONVERSION = YES;
				CLANG_WARN_OBJC_ROOT_CLASS = YES_ERROR;
				CLANG_WARN_SUSPICIOUS_MOVE = YES;
				CLANG_WARN_UNREACHABLE_CODE = YES;
				CLANG_WARN__DUPLICATE_METHOD_MATCH = YES;
				"CODE_SIGN_IDENTITY[sdk=iphoneos*]" = "iPhone Developer";
				COPY_PHASE_STRIP = NO;
				DEBUG_INFORMATION_FORMAT = dwarf;
				ENABLE_STRICT_OBJC_MSGSEND = YES;
				ENABLE_TESTABILITY = YES;
				GCC_C_LANGUAGE_STANDARD = gnu99;
				GCC_DYNAMIC_NO_PIC = NO;
				GCC_NO_COMMON_BLOCKS = YES;
				GCC_OPTIMIZATION_LEVEL = 0;
				GCC_PREPROCESSOR_DEFINITIONS = (
					"DEBUG=1",
					"$(inherited)",
				);
				GCC_WARN_64_TO_32_BIT_CONVERSION = YES;
				GCC_WARN_ABOUT_RETURN_TYPE = YES_ERROR;
				GCC_WARN_UNDECLARED_SELECTOR = YES;
				GCC_WARN_UNINITIALIZED_AUTOS = YES_AGGRESSIVE;
				GCC_WARN_UNUSED_FUNCTION = YES;
				GCC_WARN_UNUSED_VARIABLE = YES;
				IPHONEOS_DEPLOYMENT_TARGET = 10.2;
				MTL_ENABLE_DEBUG_INFO = YES;
				ONLY_ACTIVE_ARCH = YES;
				SDKROOT = iphoneos;
				SWIFT_ACTIVE_COMPILATION_CONDITIONS = DEBUG;
				SWIFT_OPTIMIZATION_LEVEL = "-Onone";
				TARGETED_DEVICE_FAMILY = "1,2";
			};
			name = Debug;
		};
		8AD9B5541F39011300BFDFD0 /* Release */ = {
			isa = XCBuildConfiguration;
			buildSettings = {
				ALWAYS_SEARCH_USER_PATHS = NO;
				CLANG_ANALYZER_NONNULL = YES;
				CLANG_CXX_LANGUAGE_STANDARD = "gnu++0x";
				CLANG_CXX_LIBRARY = "libc++";
				CLANG_ENABLE_MODULES = YES;
				CLANG_ENABLE_OBJC_ARC = YES;
				CLANG_WARN_BOOL_CONVERSION = YES;
				CLANG_WARN_CONSTANT_CONVERSION = YES;
				CLANG_WARN_DIRECT_OBJC_ISA_USAGE = YES_ERROR;
				CLANG_WARN_DOCUMENTATION_COMMENTS = YES;
				CLANG_WARN_EMPTY_BODY = YES;
				CLANG_WARN_ENUM_CONVERSION = YES;
				CLANG_WARN_INFINITE_RECURSION = YES;
				CLANG_WARN_INT_CONVERSION = YES;
				CLANG_WARN_OBJC_ROOT_CLASS = YES_ERROR;
				CLANG_WARN_SUSPICIOUS_MOVE = YES;
				CLANG_WARN_UNREACHABLE_CODE = YES;
				CLANG_WARN__DUPLICATE_METHOD_MATCH = YES;
				"CODE_SIGN_IDENTITY[sdk=iphoneos*]" = "iPhone Developer";
				COPY_PHASE_STRIP = NO;
				DEBUG_INFORMATION_FORMAT = "dwarf-with-dsym";
				ENABLE_NS_ASSERTIONS = NO;
				ENABLE_STRICT_OBJC_MSGSEND = YES;
				GCC_C_LANGUAGE_STANDARD = gnu99;
				GCC_NO_COMMON_BLOCKS = YES;
				GCC_WARN_64_TO_32_BIT_CONVERSION = YES;
				GCC_WARN_ABOUT_RETURN_TYPE = YES_ERROR;
				GCC_WARN_UNDECLARED_SELECTOR = YES;
				GCC_WARN_UNINITIALIZED_AUTOS = YES_AGGRESSIVE;
				GCC_WARN_UNUSED_FUNCTION = YES;
				GCC_WARN_UNUSED_VARIABLE = YES;
				IPHONEOS_DEPLOYMENT_TARGET = 10.2;
				MTL_ENABLE_DEBUG_INFO = NO;
				SDKROOT = iphoneos;
				SWIFT_OPTIMIZATION_LEVEL = "-Owholemodule";
				TARGETED_DEVICE_FAMILY = "1,2";
				VALIDATE_PRODUCT = YES;
			};
			name = Release;
		};
		8AD9B5561F39011300BFDFD0 /* Debug */ = {
			isa = XCBuildConfiguration;
			buildSettings = {
				ASSETCATALOG_COMPILER_APPICON_NAME = AppIcon;
				DEVELOPMENT_TEAM = W46FRQ7PW6;
				INFOPLIST_FILE = URL_Listener/Info.plist;
				LD_RUNPATH_SEARCH_PATHS = "$(inherited) @executable_path/Frameworks";
				PRODUCT_BUNDLE_IDENTIFIER = "YZ.URL-Listener";
				PRODUCT_NAME = "$(TARGET_NAME)";
				SWIFT_VERSION = 3.0;
			};
			name = Debug;
		};
		8AD9B5571F39011300BFDFD0 /* Release */ = {
			isa = XCBuildConfiguration;
			buildSettings = {
				ASSETCATALOG_COMPILER_APPICON_NAME = AppIcon;
				DEVELOPMENT_TEAM = W46FRQ7PW6;
				INFOPLIST_FILE = URL_Listener/Info.plist;
				LD_RUNPATH_SEARCH_PATHS = "$(inherited) @executable_path/Frameworks";
				PRODUCT_BUNDLE_IDENTIFIER = "YZ.URL-Listener";
				PRODUCT_NAME = "$(TARGET_NAME)";
				SWIFT_VERSION = 3.0;
			};
			name = Release;
		};
		8AD9B5591F39011300BFDFD0 /* Debug */ = {
			isa = XCBuildConfiguration;
			buildSettings = {
				ALWAYS_EMBED_SWIFT_STANDARD_LIBRARIES = YES;
				BUNDLE_LOADER = "$(TEST_HOST)";
				DEVELOPMENT_TEAM = W46FRQ7PW6;
				INFOPLIST_FILE = URL_ListenerTests/Info.plist;
				LD_RUNPATH_SEARCH_PATHS = "$(inherited) @executable_path/Frameworks @loader_path/Frameworks";
				PRODUCT_BUNDLE_IDENTIFIER = "YZ.URL-ListenerTests";
				PRODUCT_NAME = "$(TARGET_NAME)";
				SWIFT_VERSION = 3.0;
				TEST_HOST = "$(BUILT_PRODUCTS_DIR)/URL_Listener.app/URL_Listener";
			};
			name = Debug;
		};
		8AD9B55A1F39011300BFDFD0 /* Release */ = {
			isa = XCBuildConfiguration;
			buildSettings = {
				ALWAYS_EMBED_SWIFT_STANDARD_LIBRARIES = YES;
				BUNDLE_LOADER = "$(TEST_HOST)";
				DEVELOPMENT_TEAM = W46FRQ7PW6;
				INFOPLIST_FILE = URL_ListenerTests/Info.plist;
				LD_RUNPATH_SEARCH_PATHS = "$(inherited) @executable_path/Frameworks @loader_path/Frameworks";
				PRODUCT_BUNDLE_IDENTIFIER = "YZ.URL-ListenerTests";
				PRODUCT_NAME = "$(TARGET_NAME)";
				SWIFT_VERSION = 3.0;
				TEST_HOST = "$(BUILT_PRODUCTS_DIR)/URL_Listener.app/URL_Listener";
			};
			name = Release;
		};
		8AD9B55C1F39011300BFDFD0 /* Debug */ = {
			isa = XCBuildConfiguration;
			buildSettings = {
				ALWAYS_EMBED_SWIFT_STANDARD_LIBRARIES = YES;
				DEVELOPMENT_TEAM = W46FRQ7PW6;
				INFOPLIST_FILE = URL_ListenerUITests/Info.plist;
				LD_RUNPATH_SEARCH_PATHS = "$(inherited) @executable_path/Frameworks @loader_path/Frameworks";
				PRODUCT_BUNDLE_IDENTIFIER = "YZ.URL-ListenerUITests";
				PRODUCT_NAME = "$(TARGET_NAME)";
				SWIFT_VERSION = 3.0;
				TEST_TARGET_NAME = URL_Listener;
			};
			name = Debug;
		};
		8AD9B55D1F39011300BFDFD0 /* Release */ = {
			isa = XCBuildConfiguration;
			buildSettings = {
				ALWAYS_EMBED_SWIFT_STANDARD_LIBRARIES = YES;
				DEVELOPMENT_TEAM = W46FRQ7PW6;
				INFOPLIST_FILE = URL_ListenerUITests/Info.plist;
				LD_RUNPATH_SEARCH_PATHS = "$(inherited) @executable_path/Frameworks @loader_path/Frameworks";
				PRODUCT_BUNDLE_IDENTIFIER = "YZ.URL-ListenerUITests";
				PRODUCT_NAME = "$(TARGET_NAME)";
				SWIFT_VERSION = 3.0;
				TEST_TARGET_NAME = URL_Listener;
			};
			name = Release;
		};
/* End XCBuildConfiguration section */

/* Begin XCConfigurationList section */
		8AD9B5281F39011300BFDFD0 /* Build configuration list for PBXProject "URL_Listener" */ = {
			isa = XCConfigurationList;
			buildConfigurations = (
				8AD9B5531F39011300BFDFD0 /* Debug */,
				8AD9B5541F39011300BFDFD0 /* Release */,
			);
			defaultConfigurationIsVisible = 0;
			defaultConfigurationName = Release;
		};
		8AD9B5551F39011300BFDFD0 /* Build configuration list for PBXNativeTarget "URL_Listener" */ = {
			isa = XCConfigurationList;
			buildConfigurations = (
				8AD9B5561F39011300BFDFD0 /* Debug */,
				8AD9B5571F39011300BFDFD0 /* Release */,
			);
			defaultConfigurationIsVisible = 0;
		};
		8AD9B5581F39011300BFDFD0 /* Build configuration list for PBXNativeTarget "URL_ListenerTests" */ = {
			isa = XCConfigurationList;
			buildConfigurations = (
				8AD9B5591F39011300BFDFD0 /* Debug */,
				8AD9B55A1F39011300BFDFD0 /* Release */,
			);
			defaultConfigurationIsVisible = 0;
		};
		8AD9B55B1F39011300BFDFD0 /* Build configuration list for PBXNativeTarget "URL_ListenerUITests" */ = {
			isa = XCConfigurationList;
			buildConfigurations = (
				8AD9B55C1F39011300BFDFD0 /* Debug */,
				8AD9B55D1F39011300BFDFD0 /* Release */,
			);
			defaultConfigurationIsVisible = 0;
		};
/* End XCConfigurationList section */
	};
	rootObject = 8AD9B5251F39011300BFDFD0 /* Project object */;
}
